# This file is automatically @generated by Cargo.
# It is not intended for manual editing.
version = 4

[[package]]
name = "strictix-cli"
version = "0.1.0"
dependencies = [
 "strictix-core",
 "strictix-lints",
 "strictix-syntax",
]

[[package]]
name = "strictix-core"
version = "0.1.0"
dependencies = [
 "strictix-syntax",
]

[[package]]
name = "strictix-lints"
version = "0.1.0"
dependencies = [
 "strictix-core",
 "strictix-syntax",
]

[[package]]
name = "strictix-syntax"
version = "0.1.0"
